
Microsoft Visual Studio Solution File, Format Version 12.00
Project("{FAE04EC0-301F-11D3-BF4B-00C04F79EFBC}") = "ManagedCode.OpenAI", "ManagedCode.OpenAI\ManagedCode.OpenAI.csproj", "{8A870C9E-7641-4546-B7B2-9FEE0445A76C}"
EndProject
Project("{FAE04EC0-301F-11D3-BF4B-00C04F79EFBC}") = "ManagedCode.OpenAI.Tests", "ManagedCode.OpenAI.Tests\ManagedCode.OpenAI.Tests.csproj", "{A9F57AEF-9EBA-405A-8B74-1B1BD2BEC70B}"
EndProject
Global
	GlobalSection(SolutionConfigurationPlatforms) = preSolution
		Debug|Any CPU = Debug|Any CPU
		Release|Any CPU = Release|Any CPU
	EndGlobalSection
	GlobalSection(ProjectConfigurationPlatforms) = postSolution
		{8A870C9E-7641-4546-B7B2-9FEE0445A76C}.Debug|Any CPU.ActiveCfg = Debug|Any CPU
		{8A870C9E-7641-4546-B7B2-9FEE0445A76C}.Debug|Any CPU.Build.0 = Debug|Any CPU
		{8A870C9E-7641-4546-B7B2-9FEE0445A76C}.Release|Any CPU.ActiveCfg = Release|Any CPU
		{8A870C9E-7641-4546-B7B2-9FEE0445A76C}.Release|Any CPU.Build.0 = Release|Any CPU
		{A9F57AEF-9EBA-405A-8B74-1B1BD2BEC70B}.Debug|Any CPU.ActiveCfg = Debug|Any CPU
		{A9F57AEF-9EBA-405A-8B74-1B1BD2BEC70B}.Debug|Any CPU.Build.0 = Debug|Any CPU
		{A9F57AEF-9EBA-405A-8B74-1B1BD2BEC70B}.Release|Any CPU.ActiveCfg = Release|Any CPU
		{A9F57AEF-9EBA-405A-8B74-1B1BD2BEC70B}.Release|Any CPU.Build.0 = Release|Any CPU
	EndGlobalSection
EndGlobal
